// !$*UTF8*$!
{
	archiveVersion = 1;
	classes = {
	};
	objectVersion = 50;
	objects = {

/* Begin PBXBuildFile section */
		D554E5152361DE380047657B /* AppDelegate.m in Sources */ = {isa = PBXBuildFile; fileRef = D554E5142361DE380047657B /* AppDelegate.m */; };
		D554E5182361DE380047657B /* SceneDelegate.m in Sources */ = {isa = PBXBuildFile; fileRef = D554E5172361DE380047657B /* SceneDelegate.m */; };
		D554E51B2361DE380047657B /* ViewController.m in Sources */ = {isa = PBXBuildFile; fileRef = D554E51A2361DE380047657B /* ViewController.m */; };
		D554E51E2361DE380047657B /* Main.storyboard in Resources */ = {isa = PBXBuildFile; fileRef = D554E51C2361DE380047657B /* Main.storyboard */; };
		D554E5202361DE390047657B /* Assets.xcassets in Resources */ = {isa = PBXBuildFile; fileRef = D554E51F2361DE390047657B /* Assets.xcassets */; };
		D554E5232361DE390047657B /* LaunchScreen.storyboard in Resources */ = {isa = PBXBuildFile; fileRef = D554E5212361DE390047657B /* LaunchScreen.storyboard */; };
		D554E5262361DE390047657B /* main.m in Sources */ = {isa = PBXBuildFile; fileRef = D554E5252361DE390047657B /* main.m */; };
		D554E5302361DE390047657B /* EUIThemeKitDemoTests.m in Sources */ = {isa = PBXBuildFile; fileRef = D554E52F2361DE390047657B /* EUIThemeKitDemoTests.m */; };
		D554E53B2361DE390047657B /* EUIThemeKitDemoUITests.m in Sources */ = {isa = PBXBuildFile; fileRef = D554E53A2361DE390047657B /* EUIThemeKitDemoUITests.m */; };
		D5FF725323631B1600A5732C /* EUIAppearance.m in Sources */ = {isa = PBXBuildFile; fileRef = D5FF722723631B1600A5732C /* EUIAppearance.m */; };
		D5FF725423631B1600A5732C /* UIViewController+EUITheme.m in Sources */ = {isa = PBXBuildFile; fileRef = D5FF722B23631B1600A5732C /* UIViewController+EUITheme.m */; };
		D5FF725523631B1600A5732C /* NSObject+EUITheme.m in Sources */ = {isa = PBXBuildFile; fileRef = D5FF722D23631B1600A5732C /* NSObject+EUITheme.m */; };
		D5FF725623631B1600A5732C /* EUIHelper.m in Sources */ = {isa = PBXBuildFile; fileRef = D5FF722F23631B1600A5732C /* EUIHelper.m */; };
		D5FF725723631B1600A5732C /* UIView+EUITheme.m in Sources */ = {isa = PBXBuildFile; fileRef = D5FF723123631B1600A5732C /* UIView+EUITheme.m */; };
		D5FF725823631B1600A5732C /* EUIDynamicColor.m in Sources */ = {isa = PBXBuildFile; fileRef = D5FF723423631B1600A5732C /* EUIDynamicColor.m */; };
		D5FF725923631B1600A5732C /* EUIThemeManager.m in Sources */ = {isa = PBXBuildFile; fileRef = D5FF723623631B1600A5732C /* EUIThemeManager.m */; };
		D5FF725A23631B1600A5732C /* DemoUIButtonViewController.m in Sources */ = {isa = PBXBuildFile; fileRef = D5FF723C23631B1600A5732C /* DemoUIButtonViewController.m */; };
		D5FF725B23631B1600A5732C /* DUICustomChildView.m in Sources */ = {isa = PBXBuildFile; fileRef = D5FF723F23631B1600A5732C /* DUICustomChildView.m */; };
		D5FF725C23631B1600A5732C /* DUICustomView.m in Sources */ = {isa = PBXBuildFile; fileRef = D5FF724023631B1600A5732C /* DUICustomView.m */; };
		D5FF725D23631B1600A5732C /* FDUIColorViewController.m in Sources */ = {isa = PBXBuildFile; fileRef = D5FF724323631B1600A5732C /* FDUIColorViewController.m */; };
		D5FF725E23631B1600A5732C /* DUITheme.m in Sources */ = {isa = PBXBuildFile; fileRef = D5FF724823631B1600A5732C /* DUITheme.m */; };
		D5FF725F23631B1600A5732C /* DUIThemeTemplet.m in Sources */ = {isa = PBXBuildFile; fileRef = D5FF724923631B1600A5732C /* DUIThemeTemplet.m */; };
		D5FF726023631B1600A5732C /* DemoBaseViewController.m in Sources */ = {isa = PBXBuildFile; fileRef = D5FF724B23631B1600A5732C /* DemoBaseViewController.m */; };
		D5FF726123631B1600A5732C /* FDBaseView.m in Sources */ = {isa = PBXBuildFile; fileRef = D5FF724C23631B1600A5732C /* FDBaseView.m */; };
		D5FF726223631B1600A5732C /* FDHelper.m in Sources */ = {isa = PBXBuildFile; fileRef = D5FF724E23631B1600A5732C /* FDHelper.m */; };
		D5FF726323631B1600A5732C /* FDCaser.m in Sources */ = {isa = PBXBuildFile; fileRef = D5FF725223631B1600A5732C /* FDCaser.m */; };
/* End PBXBuildFile section */

/* Begin PBXContainerItemProxy section */
		D554E52C2361DE390047657B /* PBXContainerItemProxy */ = {
			isa = PBXContainerItemProxy;
			containerPortal = D554E5082361DE380047657B /* Project object */;
			proxyType = 1;
			remoteGlobalIDString = D554E50F2361DE380047657B;
			remoteInfo = EUIThemeKitDemo;
		};
		D554E5372361DE390047657B /* PBXContainerItemProxy */ = {
			isa = PBXContainerItemProxy;
			containerPortal = D554E5082361DE380047657B /* Project object */;
			proxyType = 1;
			remoteGlobalIDString = D554E50F2361DE380047657B;
			remoteInfo = EUIThemeKitDemo;
		};
/* End PBXContainerItemProxy section */

/* Begin PBXFileReference section */
		D554E5102361DE380047657B /* EUIThemeKitDemo.app */ = {isa = PBXFileReference; explicitFileType = wrapper.application; includeInIndex = 0; path = EUIThemeKitDemo.app; sourceTree = BUILT_PRODUCTS_DIR; };
		D554E5132361DE380047657B /* AppDelegate.h */ = {isa = PBXFileReference; lastKnownFileType = sourcecode.c.h; path = AppDelegate.h; sourceTree = "<group>"; };
		D554E5142361DE380047657B /* AppDelegate.m */ = {isa = PBXFileReference; lastKnownFileType = sourcecode.c.objc; path = AppDelegate.m; sourceTree = "<group>"; };
		D554E5162361DE380047657B /* SceneDelegate.h */ = {isa = PBXFileReference; lastKnownFileType = sourcecode.c.h; path = SceneDelegate.h; sourceTree = "<group>"; };
		D554E5172361DE380047657B /* SceneDelegate.m */ = {isa = PBXFileReference; lastKnownFileType = sourcecode.c.objc; path = SceneDelegate.m; sourceTree = "<group>"; };
		D554E5192361DE380047657B /* ViewController.h */ = {isa = PBXFileReference; lastKnownFileType = sourcecode.c.h; path = ViewController.h; sourceTree = "<group>"; };
		D554E51A2361DE380047657B /* ViewController.m */ = {isa = PBXFileReference; lastKnownFileType = sourcecode.c.objc; path = ViewController.m; sourceTree = "<group>"; };
		D554E51D2361DE380047657B /* Base */ = {isa = PBXFileReference; lastKnownFileType = file.storyboard; name = Base; path = Base.lproj/Main.storyboard; sourceTree = "<group>"; };
		D554E51F2361DE390047657B /* Assets.xcassets */ = {isa = PBXFileReference; lastKnownFileType = folder.assetcatalog; path = Assets.xcassets; sourceTree = "<group>"; };
		D554E5222361DE390047657B /* Base */ = {isa = PBXFileReference; lastKnownFileType = file.storyboard; name = Base; path = Base.lproj/LaunchScreen.storyboard; sourceTree = "<group>"; };
		D554E5242361DE390047657B /* Info.plist */ = {isa = PBXFileReference; lastKnownFileType = text.plist.xml; path = Info.plist; sourceTree = "<group>"; };
		D554E5252361DE390047657B /* main.m */ = {isa = PBXFileReference; lastKnownFileType = sourcecode.c.objc; path = main.m; sourceTree = "<group>"; };
		D554E52B2361DE390047657B /* EUIThemeKitDemoTests.xctest */ = {isa = PBXFileReference; explicitFileType = wrapper.cfbundle; includeInIndex = 0; path = EUIThemeKitDemoTests.xctest; sourceTree = BUILT_PRODUCTS_DIR; };
		D554E52F2361DE390047657B /* EUIThemeKitDemoTests.m */ = {isa = PBXFileReference; lastKnownFileType = sourcecode.c.objc; path = EUIThemeKitDemoTests.m; sourceTree = "<group>"; };
		D554E5312361DE390047657B /* Info.plist */ = {isa = PBXFileReference; lastKnownFileType = text.plist.xml; path = Info.plist; sourceTree = "<group>"; };
		D554E5362361DE390047657B /* EUIThemeKitDemoUITests.xctest */ = {isa = PBXFileReference; explicitFileType = wrapper.cfbundle; includeInIndex = 0; path = EUIThemeKitDemoUITests.xctest; sourceTree = BUILT_PRODUCTS_DIR; };
		D554E53A2361DE390047657B /* EUIThemeKitDemoUITests.m */ = {isa = PBXFileReference; lastKnownFileType = sourcecode.c.objc; path = EUIThemeKitDemoUITests.m; sourceTree = "<group>"; };
		D554E53C2361DE390047657B /* Info.plist */ = {isa = PBXFileReference; lastKnownFileType = text.plist.xml; path = Info.plist; sourceTree = "<group>"; };
		D5FF722723631B1600A5732C /* EUIAppearance.m */ = {isa = PBXFileReference; fileEncoding = 4; lastKnownFileType = sourcecode.c.objc; path = EUIAppearance.m; sourceTree = "<group>"; };
		D5FF722823631B1600A5732C /* EUIDynamicColor.h */ = {isa = PBXFileReference; fileEncoding = 4; lastKnownFileType = sourcecode.c.h; path = EUIDynamicColor.h; sourceTree = "<group>"; };
		D5FF722923631B1600A5732C /* EUIThemeManager.h */ = {isa = PBXFileReference; fileEncoding = 4; lastKnownFileType = sourcecode.c.h; path = EUIThemeManager.h; sourceTree = "<group>"; };
		D5FF722B23631B1600A5732C /* UIViewController+EUITheme.m */ = {isa = PBXFileReference; fileEncoding = 4; lastKnownFileType = sourcecode.c.objc; path = "UIViewController+EUITheme.m"; sourceTree = "<group>"; };
		D5FF722C23631B1600A5732C /* EUIHelper.h */ = {isa = PBXFileReference; fileEncoding = 4; lastKnownFileType = sourcecode.c.h; path = EUIHelper.h; sourceTree = "<group>"; };
		D5FF722D23631B1600A5732C /* NSObject+EUITheme.m */ = {isa = PBXFileReference; fileEncoding = 4; lastKnownFileType = sourcecode.c.objc; path = "NSObject+EUITheme.m"; sourceTree = "<group>"; };
		D5FF722E23631B1600A5732C /* UIView+EUITheme.h */ = {isa = PBXFileReference; fileEncoding = 4; lastKnownFileType = sourcecode.c.h; path = "UIView+EUITheme.h"; sourceTree = "<group>"; };
		D5FF722F23631B1600A5732C /* EUIHelper.m */ = {isa = PBXFileReference; fileEncoding = 4; lastKnownFileType = sourcecode.c.objc; path = EUIHelper.m; sourceTree = "<group>"; };
		D5FF723023631B1600A5732C /* UIViewController+EUITheme.h */ = {isa = PBXFileReference; fileEncoding = 4; lastKnownFileType = sourcecode.c.h; path = "UIViewController+EUITheme.h"; sourceTree = "<group>"; };
		D5FF723123631B1600A5732C /* UIView+EUITheme.m */ = {isa = PBXFileReference; fileEncoding = 4; lastKnownFileType = sourcecode.c.objc; path = "UIView+EUITheme.m"; sourceTree = "<group>"; };
		D5FF723223631B1600A5732C /* NSObject+EUITheme.h */ = {isa = PBXFileReference; fileEncoding = 4; lastKnownFileType = sourcecode.c.h; path = "NSObject+EUITheme.h"; sourceTree = "<group>"; };
		D5FF723323631B1600A5732C /* EUIThemeKit.h */ = {isa = PBXFileReference; fileEncoding = 4; lastKnownFileType = sourcecode.c.h; path = EUIThemeKit.h; sourceTree = "<group>"; };
		D5FF723423631B1600A5732C /* EUIDynamicColor.m */ = {isa = PBXFileReference; fileEncoding = 4; lastKnownFileType = sourcecode.c.objc; path = EUIDynamicColor.m; sourceTree = "<group>"; };
		D5FF723523631B1600A5732C /* EUIAppearance.h */ = {isa = PBXFileReference; fileEncoding = 4; lastKnownFileType = sourcecode.c.h; path = EUIAppearance.h; sourceTree = "<group>"; };
		D5FF723623631B1600A5732C /* EUIThemeManager.m */ = {isa = PBXFileReference; fileEncoding = 4; lastKnownFileType = sourcecode.c.objc; path = EUIThemeManager.m; sourceTree = "<group>"; };
		D5FF723723631B1600A5732C /* EUIThemeProtocol.h */ = {isa = PBXFileReference; fileEncoding = 4; lastKnownFileType = sourcecode.c.h; path = EUIThemeProtocol.h; sourceTree = "<group>"; };
		D5FF723C23631B1600A5732C /* DemoUIButtonViewController.m */ = {isa = PBXFileReference; fileEncoding = 4; lastKnownFileType = sourcecode.c.objc; path = DemoUIButtonViewController.m; sourceTree = "<group>"; };
		D5FF723D23631B1600A5732C /* DemoUIButtonViewController.h */ = {isa = PBXFileReference; fileEncoding = 4; lastKnownFileType = sourcecode.c.h; path = DemoUIButtonViewController.h; sourceTree = "<group>"; };
		D5FF723F23631B1600A5732C /* DUICustomChildView.m */ = {isa = PBXFileReference; fileEncoding = 4; lastKnownFileType = sourcecode.c.objc; path = DUICustomChildView.m; sourceTree = "<group>"; };
		D5FF724023631B1600A5732C /* DUICustomView.m */ = {isa = PBXFileReference; fileEncoding = 4; lastKnownFileType = sourcecode.c.objc; path = DUICustomView.m; sourceTree = "<group>"; };
		D5FF724123631B1600A5732C /* DUICustomView.h */ = {isa = PBXFileReference; fileEncoding = 4; lastKnownFileType = sourcecode.c.h; path = DUICustomView.h; sourceTree = "<group>"; };
		D5FF724223631B1600A5732C /* DUICustomChildView.h */ = {isa = PBXFileReference; fileEncoding = 4; lastKnownFileType = sourcecode.c.h; path = DUICustomChildView.h; sourceTree = "<group>"; };
		D5FF724323631B1600A5732C /* FDUIColorViewController.m */ = {isa = PBXFileReference; fileEncoding = 4; lastKnownFileType = sourcecode.c.objc; path = FDUIColorViewController.m; sourceTree = "<group>"; };
		D5FF724423631B1600A5732C /* FDUIColorViewController.h */ = {isa = PBXFileReference; fileEncoding = 4; lastKnownFileType = sourcecode.c.h; path = FDUIColorViewController.h; sourceTree = "<group>"; };
		D5FF724623631B1600A5732C /* DUIThemeTemplet.h */ = {isa = PBXFileReference; fileEncoding = 4; lastKnownFileType = sourcecode.c.h; path = DUIThemeTemplet.h; sourceTree = "<group>"; };
		D5FF724723631B1600A5732C /* DUITheme.h */ = {isa = PBXFileReference; fileEncoding = 4; lastKnownFileType = sourcecode.c.h; path = DUITheme.h; sourceTree = "<group>"; };
		D5FF724823631B1600A5732C /* DUITheme.m */ = {isa = PBXFileReference; fileEncoding = 4; lastKnownFileType = sourcecode.c.objc; path = DUITheme.m; sourceTree = "<group>"; };
		D5FF724923631B1600A5732C /* DUIThemeTemplet.m */ = {isa = PBXFileReference; fileEncoding = 4; lastKnownFileType = sourcecode.c.objc; path = DUIThemeTemplet.m; sourceTree = "<group>"; };
		D5FF724B23631B1600A5732C /* DemoBaseViewController.m */ = {isa = PBXFileReference; fileEncoding = 4; lastKnownFileType = sourcecode.c.objc; path = DemoBaseViewController.m; sourceTree = "<group>"; };
		D5FF724C23631B1600A5732C /* FDBaseView.m */ = {isa = PBXFileReference; fileEncoding = 4; lastKnownFileType = sourcecode.c.objc; path = FDBaseView.m; sourceTree = "<group>"; };
		D5FF724D23631B1600A5732C /* FDCaser.h */ = {isa = PBXFileReference; fileEncoding = 4; lastKnownFileType = sourcecode.c.h; path = FDCaser.h; sourceTree = "<group>"; };
		D5FF724E23631B1600A5732C /* FDHelper.m */ = {isa = PBXFileReference; fileEncoding = 4; lastKnownFileType = sourcecode.c.objc; path = FDHelper.m; sourceTree = "<group>"; };
		D5FF724F23631B1600A5732C /* FDBaseView.h */ = {isa = PBXFileReference; fileEncoding = 4; lastKnownFileType = sourcecode.c.h; path = FDBaseView.h; sourceTree = "<group>"; };
		D5FF725023631B1600A5732C /* DemoBaseViewController.h */ = {isa = PBXFileReference; fileEncoding = 4; lastKnownFileType = sourcecode.c.h; path = DemoBaseViewController.h; sourceTree = "<group>"; };
		D5FF725123631B1600A5732C /* FDHelper.h */ = {isa = PBXFileReference; fileEncoding = 4; lastKnownFileType = sourcecode.c.h; path = FDHelper.h; sourceTree = "<group>"; };
		D5FF725223631B1600A5732C /* FDCaser.m */ = {isa = PBXFileReference; fileEncoding = 4; lastKnownFileType = sourcecode.c.objc; path = FDCaser.m; sourceTree = "<group>"; };
/* End PBXFileReference section */

/* Begin PBXFrameworksBuildPhase section */
		D554E50D2361DE380047657B /* Frameworks */ = {
			isa = PBXFrameworksBuildPhase;
			buildActionMask = 2147483647;
			files = (
			);
			runOnlyForDeploymentPostprocessing = 0;
		};
		D554E5282361DE390047657B /* Frameworks */ = {
			isa = PBXFrameworksBuildPhase;
			buildActionMask = 2147483647;
			files = (
			);
			runOnlyForDeploymentPostprocessing = 0;
		};
		D554E5332361DE390047657B /* Frameworks */ = {
			isa = PBXFrameworksBuildPhase;
			buildActionMask = 2147483647;
			files = (
			);
			runOnlyForDeploymentPostprocessing = 0;
		};
/* End PBXFrameworksBuildPhase section */

/* Begin PBXGroup section */
		D554E5072361DE380047657B = {
			isa = PBXGroup;
			children = (
				D554E5122361DE380047657B /* EUIThemeKitDemo */,
				D554E52E2361DE390047657B /* EUIThemeKitDemoTests */,
				D554E5392361DE390047657B /* EUIThemeKitDemoUITests */,
				D554E5112361DE380047657B /* Products */,
			);
			sourceTree = "<group>";
		};
		D554E5112361DE380047657B /* Products */ = {
			isa = PBXGroup;
			children = (
				D554E5102361DE380047657B /* EUIThemeKitDemo.app */,
				D554E52B2361DE390047657B /* EUIThemeKitDemoTests.xctest */,
				D554E5362361DE390047657B /* EUIThemeKitDemoUITests.xctest */,
			);
			name = Products;
			sourceTree = "<group>";
		};
		D554E5122361DE380047657B /* EUIThemeKitDemo */ = {
			isa = PBXGroup;
			children = (
				D5FF723823631B1600A5732C /* Demo */,
				D5FF722623631B1600A5732C /* EUIThemeKit */,
				D554E5132361DE380047657B /* AppDelegate.h */,
				D554E5142361DE380047657B /* AppDelegate.m */,
				D554E5162361DE380047657B /* SceneDelegate.h */,
				D554E5172361DE380047657B /* SceneDelegate.m */,
				D554E5192361DE380047657B /* ViewController.h */,
				D554E51A2361DE380047657B /* ViewController.m */,
				D554E51C2361DE380047657B /* Main.storyboard */,
				D554E51F2361DE390047657B /* Assets.xcassets */,
				D554E5212361DE390047657B /* LaunchScreen.storyboard */,
				D554E5242361DE390047657B /* Info.plist */,
				D554E5252361DE390047657B /* main.m */,
			);
			path = EUIThemeKitDemo;
			sourceTree = "<group>";
		};
		D554E52E2361DE390047657B /* EUIThemeKitDemoTests */ = {
			isa = PBXGroup;
			children = (
				D554E52F2361DE390047657B /* EUIThemeKitDemoTests.m */,
				D554E5312361DE390047657B /* Info.plist */,
			);
			path = EUIThemeKitDemoTests;
			sourceTree = "<group>";
		};
		D554E5392361DE390047657B /* EUIThemeKitDemoUITests */ = {
			isa = PBXGroup;
			children = (
				D554E53A2361DE390047657B /* EUIThemeKitDemoUITests.m */,
				D554E53C2361DE390047657B /* Info.plist */,
			);
			path = EUIThemeKitDemoUITests;
			sourceTree = "<group>";
		};
		D5FF722623631B1600A5732C /* EUIThemeKit */ = {
			isa = PBXGroup;
			children = (
				D5FF722723631B1600A5732C /* EUIAppearance.m */,
				D5FF722823631B1600A5732C /* EUIDynamicColor.h */,
				D5FF722923631B1600A5732C /* EUIThemeManager.h */,
				D5FF722A23631B1600A5732C /* internal */,
				D5FF723323631B1600A5732C /* EUIThemeKit.h */,
				D5FF723423631B1600A5732C /* EUIDynamicColor.m */,
				D5FF723523631B1600A5732C /* EUIAppearance.h */,
				D5FF723623631B1600A5732C /* EUIThemeManager.m */,
				D5FF723723631B1600A5732C /* EUIThemeProtocol.h */,
			);
			path = EUIThemeKit;
			sourceTree = "<group>";
		};
		D5FF722A23631B1600A5732C /* internal */ = {
			isa = PBXGroup;
			children = (
				D5FF722B23631B1600A5732C /* UIViewController+EUITheme.m */,
				D5FF722C23631B1600A5732C /* EUIHelper.h */,
				D5FF722D23631B1600A5732C /* NSObject+EUITheme.m */,
				D5FF722E23631B1600A5732C /* UIView+EUITheme.h */,
				D5FF722F23631B1600A5732C /* EUIHelper.m */,
				D5FF723023631B1600A5732C /* UIViewController+EUITheme.h */,
				D5FF723123631B1600A5732C /* UIView+EUITheme.m */,
				D5FF723223631B1600A5732C /* NSObject+EUITheme.h */,
			);
			path = internal;
			sourceTree = "<group>";
		};
		D5FF723823631B1600A5732C /* Demo */ = {
			isa = PBXGroup;
			children = (
				D5FF723923631B1600A5732C /* Modules */,
				D5FF724523631B1600A5732C /* Themes */,
				D5FF724A23631B1600A5732C /* Base */,
			);
			path = Demo;
			sourceTree = "<group>";
		};
		D5FF723923631B1600A5732C /* Modules */ = {
			isa = PBXGroup;
			children = (
				D5FF723A23631B1600A5732C /* UILabel */,
				D5FF723B23631B1600A5732C /* UIButton */,
				D5FF723E23631B1600A5732C /* UI-Parts */,
				D5FF724323631B1600A5732C /* FDUIColorViewController.m */,
				D5FF724423631B1600A5732C /* FDUIColorViewController.h */,
			);
			path = Modules;
			sourceTree = "<group>";
		};
		D5FF723A23631B1600A5732C /* UILabel */ = {
			isa = PBXGroup;
			children = (
			);
			path = UILabel;
			sourceTree = "<group>";
		};
		D5FF723B23631B1600A5732C /* UIButton */ = {
			isa = PBXGroup;
			children = (
				D5FF723C23631B1600A5732C /* DemoUIButtonViewController.m */,
				D5FF723D23631B1600A5732C /* DemoUIButtonViewController.h */,
			);
			path = UIButton;
			sourceTree = "<group>";
		};
		D5FF723E23631B1600A5732C /* UI-Parts */ = {
			isa = PBXGroup;
			children = (
				D5FF723F23631B1600A5732C /* DUICustomChildView.m */,
				D5FF724023631B1600A5732C /* DUICustomView.m */,
				D5FF724123631B1600A5732C /* DUICustomView.h */,
				D5FF724223631B1600A5732C /* DUICustomChildView.h */,
			);
			path = "UI-Parts";
			sourceTree = "<group>";
		};
		D5FF724523631B1600A5732C /* Themes */ = {
			isa = PBXGroup;
			children = (
				D5FF724623631B1600A5732C /* DUIThemeTemplet.h */,
				D5FF724723631B1600A5732C /* DUITheme.h */,
				D5FF724823631B1600A5732C /* DUITheme.m */,
				D5FF724923631B1600A5732C /* DUIThemeTemplet.m */,
			);
			path = Themes;
			sourceTree = "<group>";
		};
		D5FF724A23631B1600A5732C /* Base */ = {
			isa = PBXGroup;
			children = (
				D5FF724B23631B1600A5732C /* DemoBaseViewController.m */,
				D5FF724C23631B1600A5732C /* FDBaseView.m */,
				D5FF724D23631B1600A5732C /* FDCaser.h */,
				D5FF724E23631B1600A5732C /* FDHelper.m */,
				D5FF724F23631B1600A5732C /* FDBaseView.h */,
				D5FF725023631B1600A5732C /* DemoBaseViewController.h */,
				D5FF725123631B1600A5732C /* FDHelper.h */,
				D5FF725223631B1600A5732C /* FDCaser.m */,
			);
			path = Base;
			sourceTree = "<group>";
		};
/* End PBXGroup section */

/* Begin PBXNativeTarget section */
		D554E50F2361DE380047657B /* EUIThemeKitDemo */ = {
			isa = PBXNativeTarget;
			buildConfigurationList = D554E53F2361DE390047657B /* Build configuration list for PBXNativeTarget "EUIThemeKitDemo" */;
			buildPhases = (
				D554E50C2361DE380047657B /* Sources */,
				D554E50D2361DE380047657B /* Frameworks */,
				D554E50E2361DE380047657B /* Resources */,
			);
			buildRules = (
			);
			dependencies = (
			);
			name = EUIThemeKitDemo;
			productName = EUIThemeKitDemo;
			productReference = D554E5102361DE380047657B /* EUIThemeKitDemo.app */;
			productType = "com.apple.product-type.application";
		};
		D554E52A2361DE390047657B /* EUIThemeKitDemoTests */ = {
			isa = PBXNativeTarget;
			buildConfigurationList = D554E5422361DE390047657B /* Build configuration list for PBXNativeTarget "EUIThemeKitDemoTests" */;
			buildPhases = (
				D554E5272361DE390047657B /* Sources */,
				D554E5282361DE390047657B /* Frameworks */,
				D554E5292361DE390047657B /* Resources */,
			);
			buildRules = (
			);
			dependencies = (
				D554E52D2361DE390047657B /* PBXTargetDependency */,
			);
			name = EUIThemeKitDemoTests;
			productName = EUIThemeKitDemoTests;
			productReference = D554E52B2361DE390047657B /* EUIThemeKitDemoTests.xctest */;
			productType = "com.apple.product-type.bundle.unit-test";
		};
		D554E5352361DE390047657B /* EUIThemeKitDemoUITests */ = {
			isa = PBXNativeTarget;
			buildConfigurationList = D554E5452361DE390047657B /* Build configuration list for PBXNativeTarget "EUIThemeKitDemoUITests" */;
			buildPhases = (
				D554E5322361DE390047657B /* Sources */,
				D554E5332361DE390047657B /* Frameworks */,
				D554E5342361DE390047657B /* Resources */,
			);
			buildRules = (
			);
			dependencies = (
				D554E5382361DE390047657B /* PBXTargetDependency */,
			);
			name = EUIThemeKitDemoUITests;
			productName = EUIThemeKitDemoUITests;
			productReference = D554E5362361DE390047657B /* EUIThemeKitDemoUITests.xctest */;
			productType = "com.apple.product-type.bundle.ui-testing";
		};
/* End PBXNativeTarget section */

/* Begin PBXProject section */
		D554E5082361DE380047657B /* Project object */ = {
			isa = PBXProject;
			attributes = {
				LastUpgradeCheck = 1110;
				ORGANIZATIONNAME = Lux;
				TargetAttributes = {
					D554E50F2361DE380047657B = {
						CreatedOnToolsVersion = 11.1;
					};
					D554E52A2361DE390047657B = {
						CreatedOnToolsVersion = 11.1;
						TestTargetID = D554E50F2361DE380047657B;
					};
					D554E5352361DE390047657B = {
						CreatedOnToolsVersion = 11.1;
						TestTargetID = D554E50F2361DE380047657B;
					};
				};
			};
			buildConfigurationList = D554E50B2361DE380047657B /* Build configuration list for PBXProject "EUIThemeKitDemo" */;
			compatibilityVersion = "Xcode 9.3";
			developmentRegion = en;
			hasScannedForEncodings = 0;
			knownRegions = (
				en,
				Base,
			);
			mainGroup = D554E5072361DE380047657B;
			productRefGroup = D554E5112361DE380047657B /* Products */;
			projectDirPath = "";
			projectRoot = "";
			targets = (
				D554E50F2361DE380047657B /* EUIThemeKitDemo */,
				D554E52A2361DE390047657B /* EUIThemeKitDemoTests */,
				D554E5352361DE390047657B /* EUIThemeKitDemoUITests */,
			);
		};
/* End PBXProject section */

/* Begin PBXResourcesBuildPhase section */
		D554E50E2361DE380047657B /* Resources */ = {
			isa = PBXResourcesBuildPhase;
			buildActionMask = 2147483647;
			files = (
				D554E5232361DE390047657B /* LaunchScreen.storyboard in Resources */,
				D554E5202361DE390047657B /* Assets.xcassets in Resources */,
				D554E51E2361DE380047657B /* Main.storyboard in Resources */,
			);
			runOnlyForDeploymentPostprocessing = 0;
		};
		D554E5292361DE390047657B /* Resources */ = {
			isa = PBXResourcesBuildPhase;
			buildActionMask = 2147483647;
			files = (
			);
			runOnlyForDeploymentPostprocessing = 0;
		};
		D554E5342361DE390047657B /* Resources */ = {
			isa = PBXResourcesBuildPhase;
			buildActionMask = 2147483647;
			files = (
			);
			runOnlyForDeploymentPostprocessing = 0;
		};
/* End PBXResourcesBuildPhase section */

/* Begin PBXSourcesBuildPhase section */
		D554E50C2361DE380047657B /* Sources */ = {
			isa = PBXSourcesBuildPhase;
			buildActionMask = 2147483647;
			files = (
				D5FF725B23631B1600A5732C /* DUICustomChildView.m in Sources */,
				D5FF725F23631B1600A5732C /* DUIThemeTemplet.m in Sources */,
				D5FF725523631B1600A5732C /* NSObject+EUITheme.m in Sources */,
				D5FF726223631B1600A5732C /* FDHelper.m in Sources */,
				D5FF725A23631B1600A5732C /* DemoUIButtonViewController.m in Sources */,
				D5FF725623631B1600A5732C /* EUIHelper.m in Sources */,
				D5FF725923631B1600A5732C /* EUIThemeManager.m in Sources */,
				D5FF726023631B1600A5732C /* DemoBaseViewController.m in Sources */,
				D5FF725423631B1600A5732C /* UIViewController+EUITheme.m in Sources */,
				D5FF725C23631B1600A5732C /* DUICustomView.m in Sources */,
				D5FF726123631B1600A5732C /* FDBaseView.m in Sources */,
				D554E51B2361DE380047657B /* ViewController.m in Sources */,
				D554E5152361DE380047657B /* AppDelegate.m in Sources */,
				D5FF725D23631B1600A5732C /* FDUIColorViewController.m in Sources */,
				D5FF726323631B1600A5732C /* FDCaser.m in Sources */,
				D5FF725E23631B1600A5732C /* DUITheme.m in Sources */,
				D5FF725323631B1600A5732C /* EUIAppearance.m in Sources */,
				D554E5262361DE390047657B /* main.m in Sources */,
				D5FF725823631B1600A5732C /* EUIDynamicColor.m in Sources */,
				D554E5182361DE380047657B /* SceneDelegate.m in Sources */,
				D5FF725723631B1600A5732C /* UIView+EUITheme.m in Sources */,
			);
			runOnlyForDeploymentPostprocessing = 0;
		};
		D554E5272361DE390047657B /* Sources */ = {
			isa = PBXSourcesBuildPhase;
			buildActionMask = 2147483647;
			files = (
				D554E5302361DE390047657B /* EUIThemeKitDemoTests.m in Sources */,
			);
			runOnlyForDeploymentPostprocessing = 0;
		};
		D554E5322361DE390047657B /* Sources */ = {
			isa = PBXSourcesBuildPhase;
			buildActionMask = 2147483647;
			files = (
				D554E53B2361DE390047657B /* EUIThemeKitDemoUITests.m in Sources */,
			);
			runOnlyForDeploymentPostprocessing = 0;
		};
/* End PBXSourcesBuildPhase section */

/* Begin PBXTargetDependency section */
		D554E52D2361DE390047657B /* PBXTargetDependency */ = {
			isa = PBXTargetDependency;
			target = D554E50F2361DE380047657B /* EUIThemeKitDemo */;
			targetProxy = D554E52C2361DE390047657B /* PBXContainerItemProxy */;
		};
		D554E5382361DE390047657B /* PBXTargetDependency */ = {
			isa = PBXTargetDependency;
			target = D554E50F2361DE380047657B /* EUIThemeKitDemo */;
			targetProxy = D554E5372361DE390047657B /* PBXContainerItemProxy */;
		};
/* End PBXTargetDependency section */

/* Begin PBXVariantGroup section */
		D554E51C2361DE380047657B /* Main.storyboard */ = {
			isa = PBXVariantGroup;
			children = (
				D554E51D2361DE380047657B /* Base */,
			);
			name = Main.storyboard;
			sourceTree = "<group>";
		};
		D554E5212361DE390047657B /* LaunchScreen.storyboard */ = {
			isa = PBXVariantGroup;
			children = (
				D554E5222361DE390047657B /* Base */,
			);
			name = LaunchScreen.storyboard;
			sourceTree = "<group>";
		};
/* End PBXVariantGroup section */

/* Begin XCBuildConfiguration section */
		D554E53D2361DE390047657B /* Debug */ = {
			isa = XCBuildConfiguration;
			buildSettings = {
				ALWAYS_SEARCH_USER_PATHS = NO;
				CLANG_ANALYZER_NONNULL = YES;
				CLANG_ANALYZER_NUMBER_OBJECT_CONVERSION = YES_AGGRESSIVE;
				CLANG_CXX_LANGUAGE_STANDARD = "gnu++14";
				CLANG_CXX_LIBRARY = "libc++";
				CLANG_ENABLE_MODULES = YES;
				CLANG_ENABLE_OBJC_ARC = YES;
				CLANG_ENABLE_OBJC_WEAK = YES;
				CLANG_WARN_BLOCK_CAPTURE_AUTORELEASING = YES;
				CLANG_WARN_BOOL_CONVERSION = YES;
				CLANG_WARN_COMMA = YES;
				CLANG_WARN_CONSTANT_CONVERSION = YES;
				CLANG_WARN_DEPRECATED_OBJC_IMPLEMENTATIONS = YES;
				CLANG_WARN_DIRECT_OBJC_ISA_USAGE = YES_ERROR;
				CLANG_WARN_DOCUMENTATION_COMMENTS = YES;
				CLANG_WARN_EMPTY_BODY = YES;
				CLANG_WARN_ENUM_CONVERSION = YES;
				CLANG_WARN_INFINITE_RECURSION = YES;
				CLANG_WARN_INT_CONVERSION = YES;
				CLANG_WARN_NON_LITERAL_NULL_CONVERSION = YES;
				CLANG_WARN_OBJC_IMPLICIT_RETAIN_SELF = YES;
				CLANG_WARN_OBJC_LITERAL_CONVERSION = YES;
				CLANG_WARN_OBJC_ROOT_CLASS = YES_ERROR;
				CLANG_WARN_RANGE_LOOP_ANALYSIS = YES;
				CLANG_WARN_STRICT_PROTOTYPES = YES;
				CLANG_WARN_SUSPICIOUS_MOVE = YES;
				CLANG_WARN_UNGUARDED_AVAILABILITY = YES_AGGRESSIVE;
				CLANG_WARN_UNREACHABLE_CODE = YES;
				CLANG_WARN__DUPLICATE_METHOD_MATCH = YES;
				COPY_PHASE_STRIP = NO;
				DEBUG_INFORMATION_FORMAT = dwarf;
				ENABLE_STRICT_OBJC_MSGSEND = YES;
				ENABLE_TESTABILITY = YES;
				GCC_C_LANGUAGE_STANDARD = gnu11;
				GCC_DYNAMIC_NO_PIC = NO;
				GCC_NO_COMMON_BLOCKS = YES;
				GCC_OPTIMIZATION_LEVEL = 0;
				GCC_PREPROCESSOR_DEFINITIONS = (
					"DEBUG=1",
					"$(inherited)",
				);
				GCC_WARN_64_TO_32_BIT_CONVERSION = YES;
				GCC_WARN_ABOUT_RETURN_TYPE = YES_ERROR;
				GCC_WARN_UNDECLARED_SELECTOR = YES;
				GCC_WARN_UNINITIALIZED_AUTOS = YES_AGGRESSIVE;
				GCC_WARN_UNUSED_FUNCTION = YES;
				GCC_WARN_UNUSED_VARIABLE = YES;
				IPHONEOS_DEPLOYMENT_TARGET = 13.1;
				MTL_ENABLE_DEBUG_INFO = INCLUDE_SOURCE;
				MTL_FAST_MATH = YES;
				ONLY_ACTIVE_ARCH = YES;
				SDKROOT = iphoneos;
			};
			name = Debug;
		};
		D554E53E2361DE390047657B /* Release */ = {
			isa = XCBuildConfiguration;
			buildSettings = {
				ALWAYS_SEARCH_USER_PATHS = NO;
				CLANG_ANALYZER_NONNULL = YES;
				CLANG_ANALYZER_NUMBER_OBJECT_CONVERSION = YES_AGGRESSIVE;
				CLANG_CXX_LANGUAGE_STANDARD = "gnu++14";
				CLANG_CXX_LIBRARY = "libc++";
				CLANG_ENABLE_MODULES = YES;
				CLANG_ENABLE_OBJC_ARC = YES;
				CLANG_ENABLE_OBJC_WEAK = YES;
				CLANG_WARN_BLOCK_CAPTURE_AUTORELEASING = YES;
				CLANG_WARN_BOOL_CONVERSION = YES;
				CLANG_WARN_COMMA = YES;
				CLANG_WARN_CONSTANT_CONVERSION = YES;
				CLANG_WARN_DEPRECATED_OBJC_IMPLEMENTATIONS = YES;
				CLANG_WARN_DIRECT_OBJC_ISA_USAGE = YES_ERROR;
				CLANG_WARN_DOCUMENTATION_COMMENTS = YES;
				CLANG_WARN_EMPTY_BODY = YES;
				CLANG_WARN_ENUM_CONVERSION = YES;
				CLANG_WARN_INFINITE_RECURSION = YES;
				CLANG_WARN_INT_CONVERSION = YES;
				CLANG_WARN_NON_LITERAL_NULL_CONVERSION = YES;
				CLANG_WARN_OBJC_IMPLICIT_RETAIN_SELF = YES;
				CLANG_WARN_OBJC_LITERAL_CONVERSION = YES;
				CLANG_WARN_OBJC_ROOT_CLASS = YES_ERROR;
				CLANG_WARN_RANGE_LOOP_ANALYSIS = YES;
				CLANG_WARN_STRICT_PROTOTYPES = YES;
				CLANG_WARN_SUSPICIOUS_MOVE = YES;
				CLANG_WARN_UNGUARDED_AVAILABILITY = YES_AGGRESSIVE;
				CLANG_WARN_UNREACHABLE_CODE = YES;
				CLANG_WARN__DUPLICATE_METHOD_MATCH = YES;
				COPY_PHASE_STRIP = NO;
				DEBUG_INFORMATION_FORMAT = "dwarf-with-dsym";
				ENABLE_NS_ASSERTIONS = NO;
				ENABLE_STRICT_OBJC_MSGSEND = YES;
				GCC_C_LANGUAGE_STANDARD = gnu11;
				GCC_NO_COMMON_BLOCKS = YES;
				GCC_WARN_64_TO_32_BIT_CONVERSION = YES;
				GCC_WARN_ABOUT_RETURN_TYPE = YES_ERROR;
				GCC_WARN_UNDECLARED_SELECTOR = YES;
				GCC_WARN_UNINITIALIZED_AUTOS = YES_AGGRESSIVE;
				GCC_WARN_UNUSED_FUNCTION = YES;
				GCC_WARN_UNUSED_VARIABLE = YES;
				IPHONEOS_DEPLOYMENT_TARGET = 13.1;
				MTL_ENABLE_DEBUG_INFO = NO;
				MTL_FAST_MATH = YES;
				SDKROOT = iphoneos;
				VALIDATE_PRODUCT = YES;
			};
			name = Release;
		};
		D554E5402361DE390047657B /* Debug */ = {
			isa = XCBuildConfiguration;
			buildSettings = {
				ASSETCATALOG_COMPILER_APPICON_NAME = AppIcon;
				CODE_SIGN_STYLE = Automatic;
				INFOPLIST_FILE = EUIThemeKitDemo/Info.plist;
				LD_RUNPATH_SEARCH_PATHS = (
					"$(inherited)",
					"@executable_path/Frameworks",
				);
				PRODUCT_BUNDLE_IDENTIFIER = lux.EUIThemeKitDemo;
				PRODUCT_NAME = "$(TARGET_NAME)";
				TARGETED_DEVICE_FAMILY = "1,2";
			};
			name = Debug;
		};
		D554E5412361DE390047657B /* Release */ = {
			isa = XCBuildConfiguration;
			buildSettings = {
				ASSETCATALOG_COMPILER_APPICON_NAME = AppIcon;
				CODE_SIGN_STYLE = Automatic;
				INFOPLIST_FILE = EUIThemeKitDemo/Info.plist;
				LD_RUNPATH_SEARCH_PATHS = (
					"$(inherited)",
					"@executable_path/Frameworks",
				);
				PRODUCT_BUNDLE_IDENTIFIER = lux.EUIThemeKitDemo;
				PRODUCT_NAME = "$(TARGET_NAME)";
				TARGETED_DEVICE_FAMILY = "1,2";
			};
			name = Release;
		};
		D554E5432361DE390047657B /* Debug */ = {
			isa = XCBuildConfiguration;
			buildSettings = {
				BUNDLE_LOADER = "$(TEST_HOST)";
				CODE_SIGN_STYLE = Automatic;
				INFOPLIST_FILE = EUIThemeKitDemoTests/Info.plist;
				IPHONEOS_DEPLOYMENT_TARGET = 13.1;
				LD_RUNPATH_SEARCH_PATHS = (
					"$(inherited)",
					"@executable_path/Frameworks",
					"@loader_path/Frameworks",
				);
				PRODUCT_BUNDLE_IDENTIFIER = lux.EUIThemeKitDemoTests;
				PRODUCT_NAME = "$(TARGET_NAME)";
				TARGETED_DEVICE_FAMILY = "1,2";
				TEST_HOST = "$(BUILT_PRODUCTS_DIR)/EUIThemeKitDemo.app/EUIThemeKitDemo";
			};
			name = Debug;
		};
		D554E5442361DE390047657B /* Release */ = {
			isa = XCBuildConfiguration;
			buildSettings = {
				BUNDLE_LOADER = "$(TEST_HOST)";
				CODE_SIGN_STYLE = Automatic;
				INFOPLIST_FILE = EUIThemeKitDemoTests/Info.plist;
				IPHONEOS_DEPLOYMENT_TARGET = 13.1;
				LD_RUNPATH_SEARCH_PATHS = (
					"$(inherited)",
					"@executable_path/Frameworks",
					"@loader_path/Frameworks",
				);
				PRODUCT_BUNDLE_IDENTIFIER = lux.EUIThemeKitDemoTests;
				PRODUCT_NAME = "$(TARGET_NAME)";
				TARGETED_DEVICE_FAMILY = "1,2";
				TEST_HOST = "$(BUILT_PRODUCTS_DIR)/EUIThemeKitDemo.app/EUIThemeKitDemo";
			};
			name = Release;
		};
		D554E5462361DE390047657B /* Debug */ = {
			isa = XCBuildConfiguration;
			buildSettings = {
				CODE_SIGN_STYLE = Automatic;
				INFOPLIST_FILE = EUIThemeKitDemoUITests/Info.plist;
				LD_RUNPATH_SEARCH_PATHS = (
					"$(inherited)",
					"@executable_path/Frameworks",
					"@loader_path/Frameworks",
				);
				PRODUCT_BUNDLE_IDENTIFIER = lux.EUIThemeKitDemoUITests;
				PRODUCT_NAME = "$(TARGET_NAME)";
				TARGETED_DEVICE_FAMILY = "1,2";
				TEST_TARGET_NAME = EUIThemeKitDemo;
			};
			name = Debug;
		};
		D554E5472361DE390047657B /* Release */ = {
			isa = XCBuildConfiguration;
			buildSettings = {
				CODE_SIGN_STYLE = Automatic;
				INFOPLIST_FILE = EUIThemeKitDemoUITests/Info.plist;
				LD_RUNPATH_SEARCH_PATHS = (
					"$(inherited)",
					"@executable_path/Frameworks",
					"@loader_path/Frameworks",
				);
				PRODUCT_BUNDLE_IDENTIFIER = lux.EUIThemeKitDemoUITests;
				PRODUCT_NAME = "$(TARGET_NAME)";
				TARGETED_DEVICE_FAMILY = "1,2";
				TEST_TARGET_NAME = EUIThemeKitDemo;
			};
			name = Release;
		};
/* End XCBuildConfiguration section */

/* Begin XCConfigurationList section */
		D554E50B2361DE380047657B /* Build configuration list for PBXProject "EUIThemeKitDemo" */ = {
			isa = XCConfigurationList;
			buildConfigurations = (
				D554E53D2361DE390047657B /* Debug */,
				D554E53E2361DE390047657B /* Release */,
			);
			defaultConfigurationIsVisible = 0;
			defaultConfigurationName = Release;
		};
		D554E53F2361DE390047657B /* Build configuration list for PBXNativeTarget "EUIThemeKitDemo" */ = {
			isa = XCConfigurationList;
			buildConfigurations = (
				D554E5402361DE390047657B /* Debug */,
				D554E5412361DE390047657B /* Release */,
			);
			defaultConfigurationIsVisible = 0;
			defaultConfigurationName = Release;
		};
		D554E5422361DE390047657B /* Build configuration list for PBXNativeTarget "EUIThemeKitDemoTests" */ = {
			isa = XCConfigurationList;
			buildConfigurations = (
				D554E5432361DE390047657B /* Debug */,
				D554E5442361DE390047657B /* Release */,
			);
			defaultConfigurationIsVisible = 0;
			defaultConfigurationName = Release;
		};
		D554E5452361DE390047657B /* Build configuration list for PBXNativeTarget "EUIThemeKitDemoUITests" */ = {
			isa = XCConfigurationList;
			buildConfigurations = (
				D554E5462361DE390047657B /* Debug */,
				D554E5472361DE390047657B /* Release */,
			);
			defaultConfigurationIsVisible = 0;
			defaultConfigurationName = Release;
		};
/* End XCConfigurationList section */
	};
	rootObject = D554E5082361DE380047657B /* Project object */;
}
